
Microsoft Visual Studio Solution File, Format Version 12.00
# Visual Studio Version 17
VisualStudioVersion = 17.0.31825.309
MinimumVisualStudioVersion = 10.0.40219.1
Project("{2150E333-8FDC-42A3-9474-1A3956D46DE8}") = "src", "src", "{FB261A87-C08C-41DB-985A-ED2A952B3EFC}"
EndProject
Project("{2150E333-8FDC-42A3-9474-1A3956D46DE8}") = "Core", "Core", "{2A5089FA-28FF-4724-BB4D-2B7E59441F62}"
EndProject
Project("{2150E333-8FDC-42A3-9474-1A3956D46DE8}") = "Infrastructure", "Infrastructure", "{3DA57C4A-2292-4E99-8333-507B04118856}"
EndProject
Project("{2150E333-8FDC-42A3-9474-1A3956D46DE8}") = "API", "API", "{005ECD44-A33A-4587-98F0-3A03E32BD19B}"
EndProject
Project("{9A19103F-16F7-4668-BE54-9A1E7A4F7556}") = "PasswordManager.Domain", "PasswordManager.Domain\PasswordManager.Domain.csproj", "{BA507763-A670-4AF9-AD03-031518B27F54}"
EndProject
Project("{9A19103F-16F7-4668-BE54-9A1E7A4F7556}") = "PasswordManager.Infrastructure", "PasswordManager.Infrastructure\PasswordManager.Infrastructure.csproj", "{3AF3D93A-2B79-480C-B20E-78B066783039}"
EndProject
Project("{9A19103F-16F7-4668-BE54-9A1E7A4F7556}") = "PasswordManager.Persistence", "PasswordManager.Persistence\PasswordManager.Persistence.csproj", "{FF61F85E-2DF7-4E2B-B5AD-C2227D003A60}"
EndProject
Project("{9A19103F-16F7-4668-BE54-9A1E7A4F7556}") = "PasswordManager.Application", "PasswordManager.Application\PasswordManager.Application.csproj", "{11EE8E06-D5DF-409C-96EA-A3126D673F97}"
EndProject
Project("{9A19103F-16F7-4668-BE54-9A1E7A4F7556}") = "PasswordManager.API", "PasswordManager.API\PasswordManager.API.csproj", "{23EF7B34-E16D-489C-BFCF-83E1384F2EE0}"
EndProject
Project("{9A19103F-16F7-4668-BE54-9A1E7A4F7556}") = "Identity", "Identity\Identity.csproj", "{90537ED8-8789-4A72-A445-DD0893141544}"
EndProject
Project("{FAE04EC0-301F-11D3-BF4B-00C04F79EFBC}") = "UI", "UI\UI.csproj", "{78FC191C-AB78-4EA1-8860-06DB199BE1A3}"
EndProject
Global
	GlobalSection(SolutionConfigurationPlatforms) = preSolution
		Debug|Any CPU = Debug|Any CPU
		Release|Any CPU = Release|Any CPU
	EndGlobalSection
	GlobalSection(ProjectConfigurationPlatforms) = postSolution
		{BA507763-A670-4AF9-AD03-031518B27F54}.Debug|Any CPU.ActiveCfg = Debug|Any CPU
		{BA507763-A670-4AF9-AD03-031518B27F54}.Debug|Any CPU.Build.0 = Debug|Any CPU
		{BA507763-A670-4AF9-AD03-031518B27F54}.Release|Any CPU.ActiveCfg = Release|Any CPU
		{BA507763-A670-4AF9-AD03-031518B27F54}.Release|Any CPU.Build.0 = Release|Any CPU
		{3AF3D93A-2B79-480C-B20E-78B066783039}.Debug|Any CPU.ActiveCfg = Debug|Any CPU
		{3AF3D93A-2B79-480C-B20E-78B066783039}.Debug|Any CPU.Build.0 = Debug|Any CPU
		{3AF3D93A-2B79-480C-B20E-78B066783039}.Release|Any CPU.ActiveCfg = Release|Any CPU
		{3AF3D93A-2B79-480C-B20E-78B066783039}.Release|Any CPU.Build.0 = Release|Any CPU
		{FF61F85E-2DF7-4E2B-B5AD-C2227D003A60}.Debug|Any CPU.ActiveCfg = Debug|Any CPU
		{FF61F85E-2DF7-4E2B-B5AD-C2227D003A60}.Debug|Any CPU.Build.0 = Debug|Any CPU
		{FF61F85E-2DF7-4E2B-B5AD-C2227D003A60}.Release|Any CPU.ActiveCfg = Release|Any CPU
		{FF61F85E-2DF7-4E2B-B5AD-C2227D003A60}.Release|Any CPU.Build.0 = Release|Any CPU
		{11EE8E06-D5DF-409C-96EA-A3126D673F97}.Debug|Any CPU.ActiveCfg = Debug|Any CPU
		{11EE8E06-D5DF-409C-96EA-A3126D673F97}.Debug|Any CPU.Build.0 = Debug|Any CPU
		{11EE8E06-D5DF-409C-96EA-A3126D673F97}.Release|Any CPU.ActiveCfg = Release|Any CPU
		{11EE8E06-D5DF-409C-96EA-A3126D673F97}.Release|Any CPU.Build.0 = Release|Any CPU
		{23EF7B34-E16D-489C-BFCF-83E1384F2EE0}.Debug|Any CPU.ActiveCfg = Debug|Any CPU
		{23EF7B34-E16D-489C-BFCF-83E1384F2EE0}.Debug|Any CPU.Build.0 = Debug|Any CPU
		{23EF7B34-E16D-489C-BFCF-83E1384F2EE0}.Release|Any CPU.ActiveCfg = Release|Any CPU
		{23EF7B34-E16D-489C-BFCF-83E1384F2EE0}.Release|Any CPU.Build.0 = Release|Any CPU
		{90537ED8-8789-4A72-A445-DD0893141544}.Debug|Any CPU.ActiveCfg = Debug|Any CPU
		{90537ED8-8789-4A72-A445-DD0893141544}.Debug|Any CPU.Build.0 = Debug|Any CPU
		{90537ED8-8789-4A72-A445-DD0893141544}.Release|Any CPU.ActiveCfg = Release|Any CPU
		{90537ED8-8789-4A72-A445-DD0893141544}.Release|Any CPU.Build.0 = Release|Any CPU
		{78FC191C-AB78-4EA1-8860-06DB199BE1A3}.Debug|Any CPU.ActiveCfg = Debug|Any CPU
		{78FC191C-AB78-4EA1-8860-06DB199BE1A3}.Debug|Any CPU.Build.0 = Debug|Any CPU
		{78FC191C-AB78-4EA1-8860-06DB199BE1A3}.Release|Any CPU.ActiveCfg = Release|Any CPU
		{78FC191C-AB78-4EA1-8860-06DB199BE1A3}.Release|Any CPU.Build.0 = Release|Any CPU
	EndGlobalSection
	GlobalSection(SolutionProperties) = preSolution
		HideSolutionNode = FALSE
	EndGlobalSection
	GlobalSection(NestedProjects) = preSolution
		{2A5089FA-28FF-4724-BB4D-2B7E59441F62} = {FB261A87-C08C-41DB-985A-ED2A952B3EFC}
		{3DA57C4A-2292-4E99-8333-507B04118856} = {FB261A87-C08C-41DB-985A-ED2A952B3EFC}
		{005ECD44-A33A-4587-98F0-3A03E32BD19B} = {FB261A87-C08C-41DB-985A-ED2A952B3EFC}
		{BA507763-A670-4AF9-AD03-031518B27F54} = {2A5089FA-28FF-4724-BB4D-2B7E59441F62}
		{3AF3D93A-2B79-480C-B20E-78B066783039} = {3DA57C4A-2292-4E99-8333-507B04118856}
		{FF61F85E-2DF7-4E2B-B5AD-C2227D003A60} = {3DA57C4A-2292-4E99-8333-507B04118856}
		{11EE8E06-D5DF-409C-96EA-A3126D673F97} = {2A5089FA-28FF-4724-BB4D-2B7E59441F62}
		{23EF7B34-E16D-489C-BFCF-83E1384F2EE0} = {005ECD44-A33A-4587-98F0-3A03E32BD19B}
		{90537ED8-8789-4A72-A445-DD0893141544} = {3DA57C4A-2292-4E99-8333-507B04118856}
		{78FC191C-AB78-4EA1-8860-06DB199BE1A3} = {FB261A87-C08C-41DB-985A-ED2A952B3EFC}
	EndGlobalSection
	GlobalSection(ExtensibilityGlobals) = postSolution
		SolutionGuid = {27626A7E-FC70-412A-9A27-CEC841E8B94B}
	EndGlobalSection
EndGlobal
